version = 1
revision = 3
requires-python = ">=3.12"
resolution-markers = [
    "python_full_version >= '3.14' and sys_platform == 'win32'",
    "python_full_version >= '3.14' and sys_platform == 'emscripten'",
    "python_full_version >= '3.14' and sys_platform != 'emscripten' and sys_platform != 'win32'",
    "python_full_version < '3.14' and sys_platform == 'win32'",
    "python_full_version < '3.14' and sys_platform == 'emscripten'",
    "python_full_version < '3.14' and sys_platform != 'emscripten' and sys_platform != 'win32'",
]

[[package]]
name = "comparison"
version = "0.1.0"
source = { virtual = "." }
dependencies = [
    { name = "openpyxl" },
    { name = "pandas" },
    { name = "ruff" },
]

[package.metadata]
requires-dist = [
    { name = "openpyxl", specifier = "==3.1.5" },
    { name = "pandas", specifier = "==3.1.0rc0" },
    { name = "ruff", specifier = "==0.16.9" },
]

[[package]]
name = "et-xmlfile"
version = "2.0.0"
source = { registry = "https://pypi.org/simple" }
sdist = { url = "https://files.pythonhosted.org/packages/d3/38/af70d7ab1ae9d4da450eeec1fa3918940a5fafb9055e934af8d6eb0c2313/et_xmlfile-2.0.0.tar.gz", hash = "sha256:dab3f4764309081ce75662649be815c4c9081e88f0837825f90fd28317d4da54", size = 17234, upload-time = "2024-10-25T17:25:40.039Z" }
wheels = [
    { url = "https://files.pythonhosted.org/packages/c1/8b/5fe2cc11fee489817272089c4203e679c63b570a5aaeb18d852ae3cbba6a/et_xmlfile-2.0.0-py3-none-any.whl", hash = "sha256:7a91720bc756843502c3b7504c77b8fe44217c85c537d85037f0f536151b2caa", size = 18059, upload-time = "2024-10-25T17:25:39.051Z" },
]

[[package]]
name = "numpy"
version = "2.4.6"
source = { registry = "https://pypi.org/simple" }
sdist = { url = "https://files.pythonhosted.org/packages/d0/ad/fed0499ce6a338d2a03ebae59cd15093910c8875328855781952abf6c2fe/numpy-2.4.6.tar.gz", hash = "sha256:f3a3570c4a2a16746ac2c31a7c7c7b0c186b95ce902e33db6f28094ed7387dda", size = 20735807, upload-time = "2026-05-18T23:37:14.07Z" }
wheels = [
    { url = "https://files.pythonhosted.org/packages/95/2a/3d7b5ac8aac24feaf9ad7ed58f45b0bbc06d37e4338ae84c9f2298b570f9/numpy-2.4.6-cp312-cp312-macosx_10_13_x86_64.whl", hash = "sha256:001fbb8e08d942dd57599e781f2472269ee7f2755fae407b4f67b2f0b17da3f1", size = 16689119, upload-time = "2026-05-18T23:33:54.065Z" },
    { url = "https://files.pythonhosted.org/packages/ea/12/92c4c131527599e8288d6918e888d88726f84d805d784b771f32408aeaef/numpy-2.4.6-cp312-cp312-macosx_11_0_arm64.whl", hash = "sha256:ebfb099f8dcf083deef3ac1ca4c1503f387cf76296fcb3816b66f5ecb5f54fdb", size = 14699246, upload-time = "2026-05-18T23:33:57.621Z" },
    { url = "https://files.pythonhosted.org/packages/ad/fe/c0a6b7b2ca128a8fb228575147073b660656734b8ebe4d76c8fd748dcc79/numpy-2.4.6-cp312-cp312-macosx_14_0_arm64.whl", hash = "sha256:3213d622a0283a39a93d188f3cf72b26862df52fbb4ca3697f51705016523d41", size = 5204410, upload-time = "2026-05-18T23:34:00.302Z" },
    { url = "https://files.pythonhosted.org/packages/f3/d4/9770d14ba719432bb90a421bfd443872ed0f70f7264b64bec12ea363d5fd/numpy-2.4.6-cp312-cp312-macosx_14_0_x86_64.whl", hash = "sha256:357cc07a6d7b0b182ff02249616a03742827ebb1277546b5c7cd7f7620a45698", size = 6551240, upload-time = "2026-05-18T23:34:02.852Z" },
    { url = "https://files.pythonhosted.org/packages/c9/c6/50a46a6205feba2343f1d6d17438107c5dc491ed1c736e6ea68689fd906b/numpy-2.4.6-cp312-cp312-manylinux_2_27_aarch64.manylinux_2_28_aarch64.whl", hash = "sha256:5f9fb9157b4ce2971008323afe46053787b526ef624fea915b261468a8421a0f", size = 15671012, upload-time = "2026-05-18T23:34:05.485Z" },
    { url = "https://files.pythonhosted.org/packages/99/60/14115e6364fa676c5397c2ad3004e527e9aa487abf5d0706ec81bbd08529/numpy-2.4.6-cp312-cp312-manylinux_2_27_x86_64.manylinux_2_28_x86_64.whl", hash = "sha256:90f9849678c75fe7afa2d348ac842c168b0a4d3d61919687216dfc547976d853", size = 16645538, upload-time = "2026-05-18T23:34:09.265Z" },
    { url = "https://files.pythonhosted.org/packages/ae/c5/693cbe59e57db94d2231fa519ca3978dc9e19da5a8f088588f5c6e947ff2/numpy-2.4.6-cp312-cp312-musllinux_1_2_aarch64.whl", hash = "sha256:c1a2af6c6ef86344a6b0db6b97834208bf598db514f2b155042439b62605601a", size = 17020706, upload-time = "2026-05-18T23:34:13.053Z" },
    { url = "https://files.pythonhosted.org/packages/ef/fc/85b7c4eff9b4966ade25c2273cf7e7012e92366c032058653934b37de044/numpy-2.4.6-cp312-cp312-musllinux_1_2_x86_64.whl", hash = "sha256:e5805d5a22fd19c8ccff10a9561f9df94436b0545619ea579db2d3c35294bce2", size = 18368541, upload-time = "2026-05-18T23:34:17.024Z" },
    { url = "https://files.pythonhosted.org/packages/f6/81/e1b27545deedce7f4a0b348618c6b62d74e36a4dc9ccd42f3eb2f85eee32/numpy-2.4.6-cp312-cp312-win32.whl", hash = "sha256:e3eeb0aabd6bd5ce64faae67e9935203a6991b4bc2a485a767fbafb2c5125f45", size = 5962825, upload-time = "2026-05-18T23:34:20.3Z" },
    { url = "https://files.pythonhosted.org/packages/ab/ca/feab00bd44aa5fe1ad2c18f08b4d3bb92e26484b0b1d1443897809ed528c/numpy-2.4.6-cp312-cp312-win_amd64.whl", hash = "sha256:d8e8286dd7cea7895157318d1b91cdacac64c479f3cbc8dce548331728484751", size = 12321687, upload-time = "2026-05-18T23:34:23.095Z" },
    { url = "https://files.pythonhosted.org/packages/63/cf/5a6d34850a39d1093558564f77ee8e8e0bee5061151b8f05a55711001ec7/numpy-2.4.6-cp312-cp312-win_arm64.whl", hash = "sha256:4081eb135ac24158bd51cdfbef16f1c64df7063b1143f24731387137c092bec8", size = 10221482, upload-time = "2026-05-18T23:34:25.876Z" },
    { url = "https://files.pythonhosted.org/packages/fb/82/bdab26d7438c6791ca31b7c024ca37c1eab8b726ba236129005cd4a06e45/numpy-2.4.6-cp313-cp313-macosx_10_13_x86_64.whl", hash = "sha256:511dbaf848decaaaf4b4ca48032619fb3138710c4bf7da7617765edad1ef96b0", size = 16684648, upload-time = "2026-05-18T23:34:29.41Z" },
    { url = "https://files.pythonhosted.org/packages/1b/30/a80189bcc7f5e4258b3fbc3968d909d1756f54d023299ecc39ad6fdb9ef8/numpy-2.4.6-cp313-cp313-macosx_11_0_arm64.whl", hash = "sha256:bf162abab1c1a736333192707cef898e735a5ca00f38f27eeedf44b39d9e85eb", size = 14693902, upload-time = "2026-05-18T23:34:33.013Z" },
    { url = "https://files.pythonhosted.org/packages/97/12/70b5d0d7c15e1ebb8a6a84a8caa1d19e181d84fb58bb6d70aca29099dec1/numpy-2.4.6-cp313-cp313-macosx_14_0_arm64.whl", hash = "sha256:043191bfa8eab18c776647b62723ac9dddece59743b13f49b2016094129c2b3f", size = 5198992, upload-time = "2026-05-18T23:34:36.132Z" },
    { url = "https://files.pythonhosted.org/packages/ba/8c/ebd2a8f8a83541f8d38cc5667e8c2b69cecfd30da6e45693e8158857d44b/numpy-2.4.6-cp313-cp313-macosx_14_0_x86_64.whl", hash = "sha256:6180d8b35af935aed8ece3a85e0a43f87393ae0ac87c8d2c8bd2c993f7270ef3", size = 6546944, upload-time = "2026-05-18T23:34:38.484Z" },
    { url = "https://files.pythonhosted.org/packages/bb/c5/7b863a97a91671a0338f4253bd3b5a3d3852f0692dae91711c9f4a10e787/numpy-2.4.6-cp313-cp313-manylinux_2_27_aarch64.manylinux_2_28_aarch64.whl", hash = "sha256:72fbe16c6fac95aedf5937fa873445cec2110be35d8a4e9433d7501fd98dae6b", size = 15669392, upload-time = "2026-05-18T23:34:41.257Z" },
    { url = "https://files.pythonhosted.org/packages/a5/9d/3584b9984ca4c047aea75214ce1a4c4c73d849bd71b604264b7f5653f8a8/numpy-2.4.6-cp313-cp313-manylinux_2_27_x86_64.manylinux_2_28_x86_64.whl", hash = "sha256:a7830bab239b79cda9c08c2da014761cafb48da6150e1da17ac06283f43b6089", size = 16633220, upload-time = "2026-05-18T23:34:45.075Z" },
    { url = "https://files.pythonhosted.org/packages/05/ae/7c67fba23bd98caec7c99261f3a16072ade14813486b0282cb29846de832/numpy-2.4.6-cp313-cp313-musllinux_1_2_aarch64.whl", hash = "sha256:ef4aea96ce4d3b074422cb4f2f64e216bf9e213004bb58ecfdf50ea02ea8eb9a", size = 17020800, upload-time = "2026-05-18T23:34:49.065Z" },
    { url = "https://files.pythonhosted.org/packages/d9/5d/3b6725cb31d983c5e66916f5d36f6d7e5521129e4c4404d64f918292a5b6/numpy-2.4.6-cp313-cp313-musllinux_1_2_x86_64.whl", hash = "sha256:dfa20cc6ca228e6b155b11da03825975ce66aea520985dbbddf0f2a5a495c605", size = 18357600, upload-time = "2026-05-18T23:34:52.709Z" },
    { url = "https://files.pythonhosted.org/packages/f7/da/2ccc6c2fe8898dee01d90c75c5f5f914a23daf99e3e0f59516a08760c8b5/numpy-2.4.6-cp313-cp313-win32.whl", hash = "sha256:56b39e5e0622a09a25bf5baf62f4bcf0cb8a41ae6e2819cf49bbc5a74c083f91", size = 5961134, upload-time = "2026-05-18T23:34:55.618Z" },
    { url = "https://files.pythonhosted.org/packages/b5/cd/9cc4dc876fb065d5c220aae4d5e14826b2715331bb7618ce1fb07a679d99/numpy-2.4.6-cp313-cp313-win_amd64.whl", hash = "sha256:c4fc99836233ea196540b17ab0983aff60ed07941751930f5f4d05bc3b3b7359", size = 12318598, upload-time = "2026-05-18T23:34:58.928Z" },
    { url = "https://files.pythonhosted.org/packages/39/1e/c0bcba1f8694116485fe28fd1be698c278fcda4141c5b0e53a2aed8b12a8/numpy-2.4.6-cp313-cp313-win_arm64.whl", hash = "sha256:a7c711e21628b52034bb5ab8d1bce291f752fcc5e92accc615778acee1ff4778", size = 10222272, upload-time = "2026-05-18T23:35:02.167Z" },
    { url = "https://files.pythonhosted.org/packages/63/6d/cc5619247c8f4204e507f5883528372e4ac4bb189e579fb859a12e480b1f/numpy-2.4.6-cp313-cp313t-macosx_11_0_arm64.whl", hash = "sha256:112b06a867b235ef466ed3508ddf0238050df9c727cafb5301ac385b899189a1", size = 14821197, upload-time = "2026-05-18T23:35:05.468Z" },
    { url = "https://files.pythonhosted.org/packages/00/58/f1c39161c87d9e9bed660f1ed4bafc0e403d5ec9650b6dd77aead07d489b/numpy-2.4.6-cp313-cp313t-macosx_14_0_arm64.whl", hash = "sha256:eaf7fa2de5c0be8ae6ff8e9bea2ccd725e980541244521d8d4b5f3354a27babe", size = 5326287, upload-time = "2026-05-18T23:35:08.693Z" },
    { url = "https://files.pythonhosted.org/packages/af/57/3917ab0fd97f271a8694513581b8a36c655f111c446852c302f04ccdb6fc/numpy-2.4.6-cp313-cp313t-macosx_14_0_x86_64.whl", hash = "sha256:7265a2f3d436e54ef9f2b52b5c937e6be778781bd97a590319d7348f1c1ca997", size = 6646763, upload-time = "2026-05-18T23:35:11.459Z" },
    { url = "https://files.pythonhosted.org/packages/eb/0f/037e64c494b67581ae18193d770adef354c41f3f2c8ebf865602d949bf8f/numpy-2.4.6-cp313-cp313t-manylinux_2_27_aarch64.manylinux_2_28_aarch64.whl", hash = "sha256:f74a575920ab21fe304421a3fc28793d82e299cae9eccb37084e9fc7f3617c20", size = 15728070, upload-time = "2026-05-18T23:35:14.79Z" },
    { url = "https://files.pythonhosted.org/packages/21/a6/5d2bae9c9542eb4df16dc9c46dc79c186e9bad53805dfa5399a6023c6db0/numpy-2.4.6-cp313-cp313t-manylinux_2_27_x86_64.manylinux_2_28_x86_64.whl", hash = "sha256:ede83e07a75dd06bc501566c1eca2afc0d61677c1472ac9ad93fdee6e638a48d", size = 16681752, upload-time = "2026-05-18T23:35:18.836Z" },
    { url = "https://files.pythonhosted.org/packages/92/14/23d1dfb410ae362cd59ce53e936b1513d545eb40db3949ced632e19a459e/numpy-2.4.6-cp313-cp313t-musllinux_1_2_aarch64.whl", hash = "sha256:68bb27509ac1b9a3443094260f6326150663b06abe40b73a2f81160623da5b67", size = 17086024, upload-time = "2026-05-18T23:35:22.52Z" },
    { url = "https://files.pythonhosted.org/packages/4b/6e/23595a2c642cdf3bc567877064bdd7f91c8b0038a4453cf2daf7248eafe9/numpy-2.4.6-cp313-cp313t-musllinux_1_2_x86_64.whl", hash = "sha256:a0df0043bdb289bde1f62da130d20df23d58b45429f752bc7a8fc5325a225ecd", size = 18403398, upload-time = "2026-05-18T23:35:26.398Z" },
    { url = "https://files.pythonhosted.org/packages/8a/90/0ac3bc947217e66dec77e7cbc6a1979d1af70b6461b82f620d3bccd5e4c8/numpy-2.4.6-cp313-cp313t-win32.whl", hash = "sha256:29a287e0cf63ff528da061de6b9f64a4618da591ca1046aafc54062e40ca7eab", size = 6084971, upload-time = "2026-05-18T23:35:29.387Z" },
    { url = "https://files.pythonhosted.org/packages/77/71/5673e351671a1d2bd6063b91b44f70c0affea7d1516fa7a6572941ba4aa1/numpy-2.4.6-cp313-cp313t-win_amd64.whl", hash = "sha256:25c692919ac5a01f170a3bfcd62d745b24fd095c353d50812637d6fcab442e75", size = 12458532, upload-time = "2026-05-18T23:35:32.175Z" },
    { url = "https://files.pythonhosted.org/packages/3f/88/19d3503c5046e688f049274b27a3ef3d771152fa80d3ba3d01a3dff61abe/numpy-2.4.6-cp313-cp313t-win_arm64.whl", hash = "sha256:1e978ec1e8bd0e0e4de6bb75de9d30cbb74db6b6a2bb727618613703ca0167dd", size = 10291881, upload-time = "2026-05-18T23:35:35.465Z" },
    { url = "https://files.pythonhosted.org/packages/f8/91/3ab2044d05fd16d343c5ac2e69b127f1b2854040dd20b193257c78028bd3/numpy-2.4.6-cp314-cp314-macosx_10_15_x86_64.whl", hash = "sha256:06ca2f61ec4385a07a6977c55ba998a4466c123642b4a32694d3128fce18c079", size = 16683458, upload-time = "2026-05-18T23:35:38.353Z" },
    { url = "https://files.pythonhosted.org/packages/8e/62/764ce66fa4147ae6d73071a3abf804ffe606f174618697c571acdf26a7c9/numpy-2.4.6-cp314-cp314-macosx_11_0_arm64.whl", hash = "sha256:38efbc8de75c7a0fc1ac190162d892787f3f47b57cc291231aafee36b80982b7", size = 14704559, upload-time = "2026-05-18T23:35:42.14Z" },
    { url = "https://files.pythonhosted.org/packages/60/61/23f27c172f022e04025b7dc2367f4d63c1a398120607ec896228649a6f48/numpy-2.4.6-cp314-cp314-macosx_14_0_arm64.whl", hash = "sha256:d581b735e177fdcdce6fed8e7e8880a3fb6ee4e3653a3ac6af01c6f4c03effc5", size = 5209716, upload-time = "2026-05-18T23:35:45.377Z" },
    { url = "https://files.pythonhosted.org/packages/03/71/21cf70dc6ea3e3acb95fc53a265b2fc248b981f0194ceb5b475271b8809d/numpy-2.4.6-cp314-cp314-macosx_14_0_x86_64.whl", hash = "sha256:0a041d3d761dc3c35cc56ce0351506a02bcbc25f7b169f652435141a17db9096", size = 6543947, upload-time = "2026-05-18T23:35:47.926Z" },
    { url = "https://files.pythonhosted.org/packages/d5/91/64288395ee1799bd2e0b04a305dce9666da90c961e1f3fe982a05ee1c036/numpy-2.4.6-cp314-cp314-manylinux_2_27_aarch64.manylinux_2_28_aarch64.whl", hash = "sha256:40fdc1ae7125e518ea98e53e69a4ebc27e1fd50510c47b7ea130cf21e5e1d42b", size = 15685197, upload-time = "2026-05-18T23:35:50.863Z" },
    { url = "https://files.pythonhosted.org/packages/f3/eb/ebffaa97dc55502df69584a8f0dcf07f69a3e0b3e2323670a2722db9aa39/numpy-2.4.6-cp314-cp314-manylinux_2_27_x86_64.manylinux_2_28_x86_64.whl", hash = "sha256:a2c306dea656c12c68f51f4cea133cbe78ca7435eb28c735eac1d3ebe73be6e8", size = 16638245, upload-time = "2026-05-18T23:35:54.752Z" },
    { url = "https://files.pythonhosted.org/packages/b8/0b/54f9da33128d7e350fab89c7455902eeae70349ee52bddb448dc4a576f45/numpy-2.4.6-cp314-cp314-musllinux_1_2_aarch64.whl", hash = "sha256:33111801a01c12a8a1e3721f0a9232f8cfc8ae2c6b7098167e6f623c6073f402", size = 17036587, upload-time = "2026-05-18T23:35:58.355Z" },
    { url = "https://files.pythonhosted.org/packages/b6/f0/fdebc1052db1cc37c64beb22072d67cd6d1c71adca1299f53dec2b5e20d3/numpy-2.4.6-cp314-cp314-musllinux_1_2_x86_64.whl", hash = "sha256:ae506e6902902557576a26ff33eda8695e7ecb3cb36c3b573a0765dee114ebdb", size = 18363226, upload-time = "2026-05-18T23:36:02.845Z" },
    { url = "https://files.pythonhosted.org/packages/aa/b4/298628d98c72b57e57f7165ae6a481a1deaf6f3c28262a6e4c739c275930/numpy-2.4.6-cp314-cp314-win32.whl", hash = "sha256:aaf159caa35993cb1f56fb9b8e4610d35758e7ca005412eb1daa856a78c9c4b1", size = 6010196, upload-time = "2026-05-18T23:36:05.92Z" },
    { url = "https://files.pythonhosted.org/packages/df/ac/46de6dda46478f7942f839e094970be2d4a861e005c4b3bf07c92e291a09/numpy-2.4.6-cp314-cp314-win_amd64.whl", hash = "sha256:b507f5c4c1d508876d1819b6bf9a49d365b96320b5d4993426b33a23ca4b8261", size = 12450334, upload-time = "2026-05-18T23:36:09.107Z" },
    { url = "https://files.pythonhosted.org/packages/78/92/b8b798ac784102c0da830d2257d59358e3d3d90d1e2b3f2575dad976c5cf/numpy-2.4.6-cp314-cp314-win_arm64.whl", hash = "sha256:6f41ae150c4e32db4f3310cdaf64b1593a03dbabe29eec77fc9b50fe64061df6", size = 10495678, upload-time = "2026-05-18T23:36:12.766Z" },
    { url = "https://files.pythonhosted.org/packages/30/34/ec28d1aa8115971537c01469ab2011ee96827930f0a124de1000cc2a7ed7/numpy-2.4.6-cp314-cp314t-macosx_11_0_arm64.whl", hash = "sha256:ece3d2cfe132e7d51f44a832b303895e6f2d499c5e74dfbdb06ee246147a304a", size = 14823672, upload-time = "2026-05-18T23:36:16.473Z" },
    { url = "https://files.pythonhosted.org/packages/16/bd/f6d1fede4e54e8042a7ff97bb495510f3c220f94bcd9e8b228e87c92cc0d/numpy-2.4.6-cp314-cp314t-macosx_14_0_arm64.whl", hash = "sha256:e3e5193ef5a3dc73bceee50f7fdc2c90dbb76c42df8d8fae3d1067a583df579e", size = 5328731, upload-time = "2026-05-18T23:36:19.767Z" },
    { url = "https://files.pythonhosted.org/packages/f4/f0/e105b9e2fd728a9910103884decd6951d9dd73896b914a98d9a231de02ee/numpy-2.4.6-cp314-cp314t-macosx_14_0_x86_64.whl", hash = "sha256:17f9ade344e7d9b464a084d69bcf18fc691cb1db67c62ed80820bf4926d78f0e", size = 6649805, upload-time = "2026-05-18T23:36:22.266Z" },
    { url = "https://files.pythonhosted.org/packages/82/dd/1206a7ca6ab15e3f02069707ca96222e202af681bb73756da7527f3cb837/numpy-2.4.6-cp314-cp314t-manylinux_2_27_aarch64.manylinux_2_28_aarch64.whl", hash = "sha256:9cd5ffd25db4e7ba6a375693b3fc0fc1791ec636c17db3720da19bde7180ec43", size = 15730496, upload-time = "2026-05-18T23:36:25.713Z" },
    { url = "https://files.pythonhosted.org/packages/51/e7/38d3ea825dcab85a591734decb2f6c67caa7c8367d374df1a1c3842f9b07/numpy-2.4.6-cp314-cp314t-manylinux_2_27_x86_64.manylinux_2_28_x86_64.whl", hash = "sha256:7d92c3819208a60205a12a245c91ad70cb0a85336659b19b834205573ac8456e", size = 16679616, upload-time = "2026-05-18T23:36:29.652Z" },
    { url = "https://files.pythonhosted.org/packages/93/b7/caabfdf53edf663e0b4eb74d7d405d83baef09eb5e83bcd32d601d72b93e/numpy-2.4.6-cp314-cp314t-musllinux_1_2_aarch64.whl", hash = "sha256:e85b752a1e912b70eaad4fafbd4d1238007ab221de2009b9a2f5ae7461239895", size = 17085145, upload-time = "2026-05-18T23:36:33.449Z" },
    { url = "https://files.pythonhosted.org/packages/f9/45/68d7c33a6bcf3e5aa3bdbd57a367e6f615286dfd6482f97e8ffeb734306e/numpy-2.4.6-cp314-cp314t-musllinux_1_2_x86_64.whl", hash = "sha256:29cb7f67d10b479ff07c17d33e39f78c07f71c40ef30d63c153d340e96cd3fb4", size = 18403813, upload-time = "2026-05-18T23:36:37.369Z" },
    { url = "https://files.pythonhosted.org/packages/9c/50/0753655aa844c99cd9e018aacf76f130f1bd81d881bb74bc0aef5d73a8ba/numpy-2.4.6-cp314-cp314t-win32.whl", hash = "sha256:260a5d70215b61ab4fadf5c7baacd64821842975eea312125ed3c39a6391b063", size = 6156982, upload-time = "2026-05-18T23:36:40.817Z" },
    { url = "https://files.pythonhosted.org/packages/b2/d4/7c67becf668f973cb490cec3e98dfd799d866f9c989a54d355672cfa0db6/numpy-2.4.6-cp314-cp314t-win_amd64.whl", hash = "sha256:81a1cca95ed5bb92aa8b10dd2cdc9a0d3853a50fad926c28b5d7e8ea54389627", size = 12638908, upload-time = "2026-05-18T23:36:43.996Z" },
    { url = "https://files.pythonhosted.org/packages/43/bb/e1c71a4295b1b1d1393d50dbb4f2a36283c6859d9d3892e84f00ec5a91d5/numpy-2.4.6-cp314-cp314t-win_arm64.whl", hash = "sha256:0c9136e14ed34a9e343a31c533d78a9813a69a3148332bce5e9821cb2f996e66", size = 10565867, upload-time = "2026-05-18T23:36:47.114Z" },
]

[[package]]
name = "openpyxl"
version = "3.1.5"
source = { registry = "https://pypi.org/simple" }
dependencies = [
    { name = "et-xmlfile" },
]
sdist = { url = "https://files.pythonhosted.org/packages/3d/f9/88d94a75de065ea32619465d2f77b29a0469500e99012523b91cc4141cd1/openpyxl-3.1.5.tar.gz", hash = "sha256:cf0e3cf56142039133628b5acffe8ef0c12bc902d2aadd3e0fe5878dc08d1050", size = 186464, upload-time = "2024-06-28T14:03:44.161Z" }
wheels = [
    { url = "https://files.pythonhosted.org/packages/c0/da/977ded879c29cbd04de313843e76868e6e13408a94ed6b987245dc7c8506/openpyxl-3.1.5-py2.py3-none-any.whl", hash = "sha256:5282c12b107bffeef825f4617dc029afaf41d0ea60823bbb665ef3079dc79de2", size = 250910, upload-time = "2024-06-28T14:03:41.161Z" },
]

[[package]]
name = "pandas"
version = "3.1.0rc0"
source = { registry = "https://pypi.org/simple" }
dependencies = [
    { name = "numpy" },
    { name = "python-dateutil" },
    { name = "tzdata", marker = "sys_platform == 'emscripten' or sys_platform == 'win32'" },
]
sdist = { url = "https://files.pythonhosted.org/packages/4b/90/d794d66759e957c0016c907f84b3b8d306e3eeda94f11715ca49a91946a3/pandas-3.1.0rc0.tar.gz", hash = "sha256:f974ad866f5fadbaf7741bd8f5b6e07815dfa04839853deb262da2663819b40b", size = 5910300, upload-time = "2026-09-30T13:58:28.678Z" }
wheels = [
    { url = "https://files.pythonhosted.org/packages/e8/66/734c24f21acff84c01f320ec0eaab61ddec97dca9d60a0005e8fdc7ed4f3/pandas-3.1.0rc0-cp312-cp312-macosx_10_13_x86_64.whl", hash = "sha256:044f4b3b0fe5ef8aa58989efcd74c82dd24cc7b034aab32753030ca69ceeec79", size = 11553632, upload-time = "2026-09-30T13:55:38.06Z" },
    { url = "https://files.pythonhosted.org/packages/4a/c0/d38aa38f6b6046bbe86cb9eabf5ac33ad417420329d3c869b7c9f30ac35a/pandas-3.1.0rc0-cp312-cp312-macosx_11_0_arm64.whl", hash = "sha256:5d343aa34414d9896f99bb2b61d50ec6aa74e236dcf6ea46a44ddc3e5fee3674", size = 11134486, upload-time = "2026-09-30T13:55:41.896Z" },
    { url = "https://files.pythonhosted.org/packages/03/f9/8d766a7c8a76f1c0aa36188cb3e69fddd2c26ec62dc5ff06b246b71aaaaa/pandas-3.1.0rc0-cp312-cp312-manylinux_2_24_aarch64.manylinux_2_28_aarch64.whl", hash = "sha256:55927fd77352efb2f77aabed3caf46c6e92e032e80b6f40a5a6392e650f71141", size = 11445648, upload-time = "2026-09-30T13:55:45.345Z" },
    { url = "https://files.pythonhosted.org/packages/29/f2/6869538598908ea0968182348a9650e68ef17744afc17148f1c4c3fbe4ff/pandas-3.1.0rc0-cp312-cp312-manylinux_2_24_x86_64.manylinux_2_28_x86_64.whl", hash = "sha256:880d8d1e5ef30926fac5b409c2f3f6ff4b1463dec8c7cdcd054e4420e7368a51", size = 11988329, upload-time = "2026-09-30T13:55:49.2Z" },
    { url = "https://files.pythonhosted.org/packages/9d/d0/c9d11fe0d3ae1cce416b84c504da7409d032ce2b04007c6a2238f4697086/pandas-3.1.0rc0-cp312-cp312-musllinux_1_2_aarch64.whl", hash = "sha256:2e15aa81ccbcfb1cce868933cb41e91f10715d9757d8077d345c1d20562e4323", size = 12456587, upload-time = "2026-09-30T13:55:52.863Z" },
    { url = "https://files.pythonhosted.org/packages/43/1c/9b10b0f09bc1611498dbe31531978b5126b2967a50ebc2f903d6170338ac/pandas-3.1.0rc0-cp312-cp312-musllinux_1_2_x86_64.whl", hash = "sha256:28ff81c89eb0c3b4c8aad49fea28f9a2443979e1b687c992c58459a99311ad72", size = 13060393, upload-time = "2026-09-30T13:55:56.154Z" },
    { url = "https://files.pythonhosted.org/packages/c1/3d/460eaebc645c314831cb9cb2e4713b253c98fd07208ca6a1c32d626ca947/pandas-3.1.0rc0-cp312-cp312-pyemscripten_2024_0_wasm32.whl", hash = "sha256:0447b9b79de924b7924b5f334d95c0916727e6bc871e2367c00dc4fc33d0be13", size = 8060893, upload-time = "2026-09-30T13:55:59.249Z" },
    { url = "https://files.pythonhosted.org/packages/78/5c/6c89a9fed93183abc41f06e00663b78616c6c47eca53eabe9785289811d1/pandas-3.1.0rc0-cp312-cp312-win_amd64.whl", hash = "sha256:e26bb819856042d9844b9b38cba8fa11320a151e81debfa545a35b90956ab167", size = 10717645, upload-time = "2026-09-30T13:56:02.042Z" },
    { url = "https://files.pythonhosted.org/packages/4c/97/7698b5b54302a83cc089a0700949ffc538cb26187cc509c86b7bfb5b4b0c/pandas-3.1.0rc0-cp312-cp312-win_arm64.whl", hash = "sha256:d7a6736f9bece16e98ce487b6e3d0fb6d3f55f62e668da3b6472788ad953264a", size = 10096883, upload-time = "2026-09-30T13:56:05.132Z" },
    { url = "https://files.pythonhosted.org/packages/ac/27/ab5351ca95fc26363b97765dc65a78920423ab3ac71c0b81c4055f6b5b45/pandas-3.1.0rc0-cp313-cp313-macosx_10_13_x86_64.whl", hash = "sha256:49869bfdfb50082b37e595c00adf2d9ba66bbea2fa137ef7da460dee0248d0c1", size = 11576201, upload-time = "2026-09-30T13:56:08.139Z" },
    { url = "https://files.pythonhosted.org/packages/b6/e3/59bdac3e73ce15d4c6cdb114ebee0fe4b49a0d4e807238d72d0e67c978f4/pandas-3.1.0rc0-cp313-cp313-macosx_11_0_arm64.whl", hash = "sha256:b99e7fc4499518504b124d52ae4378f606c519add52edfff219c9ed5bf4d33ea", size = 11149249, upload-time = "2026-09-30T13:56:11.044Z" },
    { url = "https://files.pythonhosted.org/packages/d2/66/6292dd1ce954305236a891fce089149dfe1e1d653d8e2cc30b59738b2ae3/pandas-3.1.0rc0-cp313-cp313-manylinux_2_24_aarch64.manylinux_2_28_aarch64.whl", hash = "sha256:763e563a0ce11214ad473cbde589e558556ffe1f9701b54c3a20f02b17dd5349", size = 11388069, upload-time = "2026-09-30T13:56:14.141Z" },
    { url = "https://files.pythonhosted.org/packages/b0/07/637436acfe75f868ab189aa98f7dbf26e0022a91bb30aae61801dfd34c7d/pandas-3.1.0rc0-cp313-cp313-manylinux_2_24_x86_64.manylinux_2_28_x86_64.whl", hash = "sha256:f21555e07b202e2e0caee13ab094500a627257caa9dbc851fbfc3a086baaf474", size = 11957178, upload-time = "2026-09-30T13:56:17.709Z" },
    { url = "https://files.pythonhosted.org/packages/e1/93/3eb28ebecff62eb5b3cd694cea28fba4f47001a7696f665e9acca779b7c8/pandas-3.1.0rc0-cp313-cp313-musllinux_1_2_aarch64.whl", hash = "sha256:90c822b1074285082ff149fd3c86fb254992698904bfeb45a0f14fac9fe77c7f", size = 12421807, upload-time = "2026-09-30T13:56:21.079Z" },
    { url = "https://files.pythonhosted.org/packages/2c/77/ed0d7d7a5bf5087a20fc7cbcb62cc44942bcc8f4626eb40559d2c91b0ea1/pandas-3.1.0rc0-cp313-cp313-musllinux_1_2_x86_64.whl", hash = "sha256:3989f1527bf7081f75a3bd7038061c32609c8518a521788832cb2a452528e065", size = 13012385, upload-time = "2026-09-30T13:56:24.165Z" },
    { url = "https://files.pythonhosted.org/packages/8e/31/1de6f6832492246fdffd30178b50d1379d9d42b445e30b222d0b6260b256/pandas-3.1.0rc0-cp313-cp313-win_amd64.whl", hash = "sha256:35bcca54c0c7a3403bed6dc80b0c5050d0da65fdd3cfb0ffbca72006a6b812c9", size = 10698655, upload-time = "2026-09-30T13:56:27.379Z" },
    { url = "https://files.pythonhosted.org/packages/2e/43/fa3c843d68c73563f3d9f4d06f57937c09c6de1d937869c0e15bc70a9c59/pandas-3.1.0rc0-cp313-cp313-win_arm64.whl", hash = "sha256:572d651cc36ec4d470a7eb371e53236f745558d8a1fdc95c83fd4b72613c2549", size = 10084826, upload-time = "2026-09-30T13:56:30.938Z" },
    { url = "https://files.pythonhosted.org/packages/83/1a/b3c3ebb7923637775f04146f0073eb916962a5b6d0b53fb1a319dc795664/pandas-3.1.0rc0-cp314-cp314-macosx_10_15_x86_64.whl", hash = "sha256:7400e2766f6ef0b0780cb9fadaa032cab5fe585a0927bfb492d4d7726321de56", size = 11641583, upload-time = "2026-09-30T13:56:34.047Z" },
    { url = "https://files.pythonhosted.org/packages/b3/1d/bcbe2fec31ff65f2b93693d3cb84fe4a7d2287df26ae524ac3ed1b300310/pandas-3.1.0rc0-cp314-cp314-macosx_11_0_arm64.whl", hash = "sha256:6180f6fcc40f1fefc278dfba1db522b9e7d02ba8d319e460f658e66b37ae7d9d", size = 11228917, upload-time = "2026-09-30T13:56:37.199Z" },
    { url = "https://files.pythonhosted.org/packages/d1/c5/6a85ddda247a9497bb41d042438c9b91aed837834a0e1154f04dae45313e/pandas-3.1.0rc0-cp314-cp314-manylinux_2_24_aarch64.manylinux_2_28_aarch64.whl", hash = "sha256:819a3de1d94552394611fb77f13d33a3eabfdffd4920af0c6e5b734d5d053cc3", size = 11514804, upload-time = "2026-09-30T13:56:40.409Z" },
    { url = "https://files.pythonhosted.org/packages/46/fa/32ee2d55721325d4371cdbb3e67072f5797f73aa2f201adaaf6da47fe2e7/pandas-3.1.0rc0-cp314-cp314-manylinux_2_24_x86_64.manylinux_2_28_x86_64.whl", hash = "sha256:7e091cb184c1c9dcf704db176ae14d0ed66be0bd00ac39cf4d666ddcd21b7013", size = 11996677, upload-time = "2026-09-30T13:56:43.915Z" },
    { url = "https://files.pythonhosted.org/packages/d0/d9/832eade1962bc37cb46d51ebc81edae8343d492955095f453e88cb9b7a5d/pandas-3.1.0rc0-cp314-cp314-musllinux_1_2_aarch64.whl", hash = "sha256:5a0795367d02d2a8339ed23c73c889f1795b2ac6ae897e22069b9831eb0bc1e7", size = 12542343, upload-time = "2026-09-30T13:56:47.499Z" },
    { url = "https://files.pythonhosted.org/packages/f9/96/29bb22b791394b23eb5f568b9955512b3266a6b7ce39d21400157bd15f7b/pandas-3.1.0rc0-cp314-cp314-musllinux_1_2_x86_64.whl", hash = "sha256:c56a881168409bc5903e8f9f65e9972e396750713a31815375c042f7c0aaca48", size = 13063885, upload-time = "2026-09-30T13:56:51.176Z" },
    { url = "https://files.pythonhosted.org/packages/ec/ec/88cb7621b0340cfcd99aad116c06033c71e839a2b94c07a155e79b545b4a/pandas-3.1.0rc0-cp314-cp314-win_amd64.whl", hash = "sha256:5d0807c8d390c1a009420822ace2772dc1adb286791b8852a11aaae9af7bde8d", size = 10854873, upload-time = "2026-09-30T13:56:54.719Z" },
    { url = "https://files.pythonhosted.org/packages/e3/02/aebcc974c68f4ca489b52874f3c922c0827342b89f1922a66ca2a7136a5c/pandas-3.1.0rc0-cp314-cp314-win_arm64.whl", hash = "sha256:92ce702d140d0a760b2650777aec907eacb3ce92acbf493a599eb4d15b67a929", size = 10249443, upload-time = "2026-09-30T13:56:57.959Z" },
    { url = "https://files.pythonhosted.org/packages/58/d3/41628841383028ee32c8f84694913705f59f6321aa80c931ff8af8cc7db6/pandas-3.1.0rc0-cp314-cp314t-macosx_10_15_x86_64.whl", hash = "sha256:56bb88c89c027d5ceb7b7760d6407ecc43c84ef15f35a2928cd2ee7c7e8dcccc", size = 12100710, upload-time = "2026-09-30T13:57:01.48Z" },
    { url = "https://files.pythonhosted.org/packages/7a/02/5fb3694fb3c136c020429202120f28ee625303b5f007adeddb3e9f8ea8fa/pandas-3.1.0rc0-cp314-cp314t-macosx_11_0_arm64.whl", hash = "sha256:f4c01ba062bc966d0186e8650977f94e4dd3cddc1892894db82d789dcfc0b63e", size = 11696244, upload-time = "2026-09-30T13:57:04.937Z" },
    { url = "https://files.pythonhosted.org/packages/57/95/3af018d22d254c13cba14934a049342919f3915d1a511f714d6dc7a45ac8/pandas-3.1.0rc0-cp314-cp314t-manylinux_2_24_aarch64.manylinux_2_28_aarch64.whl", hash = "sha256:86018bc1e16b6dc8ad61ed89609c958bc35ff80958b3cd53ac4f74af7764587b", size = 11379641, upload-time = "2026-09-30T13:57:08.294Z" },
    { url = "https://files.pythonhosted.org/packages/28/73/3b95d5fc6506e197d265015206c347c49036c3539b40be620c9467f5ff9c/pandas-3.1.0rc0-cp314-cp314t-manylinux_2_24_x86_64.manylinux_2_28_x86_64.whl", hash = "sha256:2ef70afdbae1a8e15dde23a15935e6804adb45c8dc3f743c0a355b2a68fe1631", size = 11837946, upload-time = "2026-09-30T13:57:11.757Z" },
    { url = "https://files.pythonhosted.org/packages/55/ed/576f81793bb372ec59e39e1affa3d1b31b73b4c8abde01831c3f025924ce/pandas-3.1.0rc0-cp314-cp314t-musllinux_1_2_aarch64.whl", hash = "sha256:07bc256196a700cf2b8a419405044af6b3f3728216dbe97db5e4b08becc91a12", size = 12396444, upload-time = "2026-09-30T13:57:15.28Z" },
    { url = "https://files.pythonhosted.org/packages/ca/f1/e7ea37c24e0d4730cb24be31b44f3939d26138cb1951ab982118b0e6c660/pandas-3.1.0rc0-cp314-cp314t-musllinux_1_2_x86_64.whl", hash = "sha256:dcd20d13fa0a346dd777244508a867f6ea83fa2b0511a48eb9d003931db36755", size = 12911857, upload-time = "2026-09-30T13:57:18.77Z" },
    { url = "https://files.pythonhosted.org/packages/07/2a/c2d5b481d1ee0aaf1dbd33dedbfd8e71306b671880fe8885826c28950ad5/pandas-3.1.0rc0-cp314-cp314t-win_amd64.whl", hash = "sha256:a321a87486176d40901d25010493da19dc387f2e6b1b3f659691b99d37a8cd72", size = 11264435, upload-time = "2026-09-30T13:57:22.583Z" },
    { url = "https://files.pythonhosted.org/packages/c3/da/17f9335d949816dd071be622736db72db571a151d4987b1ebd3763bd5825/pandas-3.1.0rc0-cp314-cp314t-win_arm64.whl", hash = "sha256:e2d33380cf233cb59215b7071ca212c2a4e5173ac5ce017129cba6e9878c8304", size = 10594120, upload-time = "2026-09-30T13:57:25.7Z" },
    { url = "https://files.pythonhosted.org/packages/60/5d/c90f8cc29b214b577413751328dde78b98c495ebbc3528561d1db6656103/pandas-3.1.0rc0-cp315-cp315-macosx_10_15_x86_64.whl", hash = "sha256:a386d97a39b4e8f7c59c051f398b6894f2455b525538b5886997bb3faeb4c44b", size = 11632646, upload-time = "2026-09-30T13:57:28.952Z" },
    { url = "https://files.pythonhosted.org/packages/46/0e/600c28d49f3d8d794b8503bcc894f9fc61e0d3c7fd38847f5af2074e6ad3/pandas-3.1.0rc0-cp315-cp315-macosx_11_0_arm64.whl", hash = "sha256:487afdd0ff79c6063947c9f60b9f2f1987f259323871ea1e655b8d6cd502fa2c", size = 11221355, upload-time = "2026-09-30T13:57:32.467Z" },
    { url = "https://files.pythonhosted.org/packages/9c/2b/37a53d681ccdcc297c4e248577f5c7ccf2e7e155ee8c3eaf2dff8098e082/pandas-3.1.0rc0-cp315-cp315-manylinux_2_24_aarch64.manylinux_2_28_aarch64.whl", hash = "sha256:a71d7936b413503573ff7f59a45df5fc75e858bfc0c0bc0d469892e8d4564add", size = 11514696, upload-time = "2026-09-30T13:57:35.644Z" },
    { url = "https://files.pythonhosted.org/packages/ac/d1/9dc50b69411ab9ee60b0e075cb37dec97c8419589160a7c4a31b4e97353c/pandas-3.1.0rc0-cp315-cp315-manylinux_2_24_x86_64.manylinux_2_28_x86_64.whl", hash = "sha256:ca3c908cd665c4dd758f6e215c97558f3505d53749bd369c71901e040e204c1e", size = 11991778, upload-time = "2026-09-30T13:57:39.009Z" },
    { url = "https://files.pythonhosted.org/packages/54/5b/b8a0b263b424feae19c6ffa80fc02e3c4b63f4288d27cd8336603d73a212/pandas-3.1.0rc0-cp315-cp315-musllinux_1_2_aarch64.whl", hash = "sha256:f170d0c09a975b8ec771f1b226dc673cca60182b44e6f4a4a9ed7aac24497cb1", size = 12530178, upload-time = "2026-09-30T13:57:43.931Z" },
    { url = "https://files.pythonhosted.org/packages/e2/39/0adef16192fc1ad9239e21643ac26f8d861be507e993189193ee542c26d5/pandas-3.1.0rc0-cp315-cp315-musllinux_1_2_x86_64.whl", hash = "sha256:a0155f54287b77da98994fa94a795b17ad3498bf740e881788b47c29a4596a3e", size = 13050660, upload-time = "2026-09-30T13:57:47.751Z" },
    { url = "https://files.pythonhosted.org/packages/71/fb/9f8d4051c8cc094e5b05ab54fa8c447b861d11196670e6a277dd431a0332/pandas-3.1.0rc0-cp315-cp315-win_amd64.whl", hash = "sha256:40907634058010ab48e59086d2b09c2a0ca967c3df84b026f3d671f777de91f5", size = 10846683, upload-time = "2026-09-30T13:57:51.55Z" },
    { url = "https://files.pythonhosted.org/packages/10/55/4fac93b32c55ac04a926c8b14d5d8e8aaf93a0a01d34fcb1f468e1b282fc/pandas-3.1.0rc0-cp315-cp315-win_arm64.whl", hash = "sha256:faee9702527d5de2ef054f93748bd10ac2bf6570b6209e903cd5908c2805b5f3", size = 10244481, upload-time = "2026-09-30T13:57:54.848Z" },
    { url = "https://files.pythonhosted.org/packages/a4/ad/579031eba9b6bf66acb1bf4cb8057bee28cfedf3ea360b1538ddc218fe5d/pandas-3.1.0rc0-cp315-cp315t-macosx_10_15_x86_64.whl", hash = "sha256:cc10cc57a2d9e2213346d3a83d1796a59a4865e0dc2bafd5dc0813d67bc816e0", size = 12073513, upload-time = "2026-09-30T13:57:58.529Z" },
    { url = "https://files.pythonhosted.org/packages/83/6f/ea40196962fea435c8fe510733d84e242ba79f2458d73ad93cf4adb210d1/pandas-3.1.0rc0-cp315-cp315t-macosx_11_0_arm64.whl", hash = "sha256:b82050d28579ff633520da30a10cf8bedd135a83508f494870026273e02c4423", size = 11670827, upload-time = "2026-09-30T13:58:02.266Z" },
    { url = "https://files.pythonhosted.org/packages/33/fd/e017d0bd9ac71d3d387198147f5a11979b9ae256abc7c7847edac90028fa/pandas-3.1.0rc0-cp315-cp315t-manylinux_2_24_aarch64.manylinux_2_28_aarch64.whl", hash = "sha256:3723e06d815d02cad974e3be318f9016345368c3ee9b3086572a8cb232b0465d", size = 11347651, upload-time = "2026-09-30T13:58:06.242Z" },
    { url = "https://files.pythonhosted.org/packages/f7/ba/644741e25e7688a6412cb84551b15d0a7891761f25a5294c1f523dae9e0d/pandas-3.1.0rc0-cp315-cp315t-manylinux_2_24_x86_64.manylinux_2_28_x86_64.whl", hash = "sha256:05cacf4498949075a1ddd99d49175e97e8782c241c44c5c4b96f23f31734aa00", size = 11818545, upload-time = "2026-09-30T13:58:10.031Z" },
    { url = "https://files.pythonhosted.org/packages/1f/07/cc229c749083477115702cb385e781930343698fd0a18fb6dc3fe93efabb/pandas-3.1.0rc0-cp315-cp315t-musllinux_1_2_aarch64.whl", hash = "sha256:f9fda783a72e48353625fa4112d298ce71787d6dbf2a6567f25d1b67bfddfd51", size = 12362491, upload-time = "2026-09-30T13:58:13.685Z" },
    { url = "https://files.pythonhosted.org/packages/62/05/a7824c7a163fadf2e2a093cba28a9cd2c855b82cb5924f70939b528459bc/pandas-3.1.0rc0-cp315-cp315t-musllinux_1_2_x86_64.whl", hash = "sha256:845ff668f75c63f645a2b6ad46e1ce4e900b315b84484a81a6e47f1d6c04ba6f", size = 12884068, upload-time = "2026-09-30T13:58:18.377Z" },
    { url = "https://files.pythonhosted.org/packages/54/1e/38fe79f85281e430de4b9d8fcf2b3e9e1d7698e61585306be979937529bb/pandas-3.1.0rc0-cp315-cp315t-win_amd64.whl", hash = "sha256:8f38c6fc56b69bb9c4ffa53516e5f4035ac8c595b046e9ee5f478c61c2d1babd", size = 11234149, upload-time = "2026-09-30T13:58:22.286Z" },
    { url = "https://files.pythonhosted.org/packages/76/6a/b15938422858ae1945050341b8a10b9ee1c3a73068f5de67c3de00ac2b02/pandas-3.1.0rc0-cp315-cp315t-win_arm64.whl", hash = "sha256:65dd9a643b3a4e8c2a8e480d4e14a8c084a3223ad1677eda7f9a76f0b7a02736", size = 10566148, upload-time = "2026-09-30T13:58:25.554Z" },
]

[[package]]
name = "python-dateutil"
version = "2.9.0.post0"
source = { registry = "https://pypi.org/simple" }
dependencies = [
    { name = "six" },
]
sdist = { url = "https://files.pythonhosted.org/packages/66/c0/0c8b6ad9f17a802ee498c46e004a0eb49bc148f2fd230864601a86dcf6db/python-dateutil-2.9.0.post0.tar.gz", hash = "sha256:37dd54208da7e1cd875388217d5e00ebd4179249f90fb72437e91a35459a0ad3", size = 342432, upload-time = "2024-03-01T18:36:20.211Z" }
wheels = [
    { url = "https://files.pythonhosted.org/packages/ec/57/56b9bcc3c9c6a792fcbaf139543cee77261f3651ca9da0c93f5c1221264b/python_dateutil-2.9.0.post0-py2.py3-none-any.whl", hash = "sha256:a8b2bc7bffae282281c8140a97d3aa9c14da0b136dfe83f850eea9a5f7470427", size = 229892, upload-time = "2024-03-01T18:36:18.57Z" },
]

[[package]]
name = "ruff"
version = "0.16.9"
source = { registry = "https://pypi.org/simple" }
sdist = { url = "https://files.pythonhosted.org/packages/96/bf/c935ca98e73fe8ce65b87ef08a280c0c1e85295d569228c15e87d8fdfaf1/ruff-0.16.9.tar.gz", hash = "sha256:12b625c6cfba78d285d9f48eda5f053374f1e53cb10ef17342a383750db99161", size = 4948764, upload-time = "2026-09-24T20:37:49.416Z" }
wheels = [
    { url = "https://files.pythonhosted.org/packages/0d/26/df51322b52ee1ada7eff2d071ea09d11d5c2d1dcc9f02594f5785c4d1635/ruff-0.16.9-py3-none-linux_armv6l.whl", hash = "sha256:95e6f022090368ab3b824c36276839c53b2adf1a3f4c09fefc33dfc400f6da96", size = 10082922, upload-time = "2026-09-24T20:37:13.045Z" },
    { url = "https://files.pythonhosted.org/packages/a5/27/7bf51f5a7aa375e9f339280a303aab44ca75dc1525f1cdc5991761685b0f/ruff-0.16.9-py3-none-macosx_10_12_x86_64.whl", hash = "sha256:a5f27be168556594a86d2f415db0cf43f5291917849318f873c7e2791f7a8c67", size = 10236360, upload-time = "2026-09-24T20:37:16.049Z" },
    { url = "https://files.pythonhosted.org/packages/b6/63/09659283f92f02dff45809da194a70da2f688d87c55d8875c4fae3536072/ruff-0.16.9-py3-none-macosx_11_0_arm64.whl", hash = "sha256:1632eb1d6197f33bd00b1acbc5b71009e89a8895c158e2d2b03a834fac964ab6", size = 9892940, upload-time = "2026-09-24T20:37:17.957Z" },
    { url = "https://files.pythonhosted.org/packages/24/58/98de1b72ec172f5f8f1731236fe21585b3998bf7dfe9fcc44ae9ba626012/ruff-0.16.9-py3-none-manylinux_2_17_aarch64.manylinux2014_aarch64.whl", hash = "sha256:b3f951b14d865d5952c89d40a5ca07e87abe24fa5453299878411e127748fb1c", size = 10032114, upload-time = "2026-09-24T20:37:19.942Z" },
    { url = "https://files.pythonhosted.org/packages/c8/7d/f1e17c54ab59d4bad1dce8ee3e22a7a1d0ef4745240decacdcf3832b5bb2/ruff-0.16.9-py3-none-manylinux_2_17_armv7l.manylinux2014_armv7l.whl", hash = "sha256:447fc07e1573afff7cb02803462b12b6c8ece7cf10e2cd78565fa6d7a1c0bf8d", size = 9910227, upload-time = "2026-09-24T20:37:21.872Z" },
    { url = "https://files.pythonhosted.org/packages/34/19/436f647a65075bbd3bab2668b3bdaa5120559b294694018cdcefabbbf30b/ruff-0.16.9-py3-none-manylinux_2_17_i686.manylinux2014_i686.whl", hash = "sha256:8a3e039a6a40ed976c491722b60e0ae4a4aa1a86057f540ee7a37a5d19ae9120", size = 10547484, upload-time = "2026-09-24T20:37:24.229Z" },
    { url = "https://files.pythonhosted.org/packages/03/59/38430a6bc2f6d8095447ac39625cf8b6e9344a47e6c26225c8ba1bff3ffb/ruff-0.16.9-py3-none-manylinux_2_17_ppc64le.manylinux2014_ppc64le.whl", hash = "sha256:4684dded7db60aa57cb118fa158630f5feade4af5782903b6053484bdf9bd129", size = 11412367, upload-time = "2026-09-24T20:37:26.307Z" },
    { url = "https://files.pythonhosted.org/packages/c8/bd/bbb6d7fc7f208c8b8c50dd5dc8206e4cfdb1e7a8fb852606a3adf370c880/ruff-0.16.9-py3-none-manylinux_2_17_s390x.manylinux2014_s390x.whl", hash = "sha256:d29c934357e45642fda2f34c0b1f4025b4a6c01e15e4bf0016879d60078a142c", size = 10869787, upload-time = "2026-09-24T20:37:28.35Z" },
    { url = "https://files.pythonhosted.org/packages/bc/b8/9c543074918061abbefc3bd139bee22de35abedb00dde0f2d27288838962/ruff-0.16.9-py3-none-manylinux_2_17_x86_64.manylinux2014_x86_64.whl", hash = "sha256:a21713e629d3e5bdb2f5c2def1cc7f04f47fa8e1a7eb0571b4a28e1da64bc728", size = 10406494, upload-time = "2026-09-24T20:37:30.624Z" },
    { url = "https://files.pythonhosted.org/packages/35/7a/5a8851bd146e7ccf8fd4b003f6c75c11f8fbdb0e60673b45097986b6bf41/ruff-0.16.9-py3-none-manylinux_2_31_riscv64.whl", hash = "sha256:7baa24ef5fc8e77aa93879e1d3f43754a01ae488e869f1ae30cf431afd4d2452", size = 10590083, upload-time = "2026-09-24T20:37:32.439Z" },
    { url = "https://files.pythonhosted.org/packages/87/f0/4c3467188f23f806960b46fa76575a7cd0514c9ba90562650b71efc96980/ruff-0.16.9-py3-none-musllinux_1_2_aarch64.whl", hash = "sha256:a41aac6230aadfaa133bdfa1614488531ffa3e0837567ae04c0da2058a9c0f9e", size = 10119151, upload-time = "2026-09-24T20:37:34.581Z" },
    { url = "https://files.pythonhosted.org/packages/15/34/5a4def5adea572ce6aea0bb64f21f928ee317b80e0db747d7979b01d7261/ruff-0.16.9-py3-none-musllinux_1_2_armv7l.whl", hash = "sha256:c2529fb5896d49115b0e9aa8f887490b34bbe76baf879ec2264ac59406869ce7", size = 9911544, upload-time = "2026-09-24T20:37:36.796Z" },
    { url = "https://files.pythonhosted.org/packages/62/5d/d15ebea7499eef9373318c0ee6ca127832927c6529731f6d48e18dce7ca9/ruff-0.16.9-py3-none-musllinux_1_2_i686.whl", hash = "sha256:41e3870277694177429b56406d65dfbdb2c2802c52b715edaf6a0b829c69d4ee", size = 10269884, upload-time = "2026-09-24T20:37:38.857Z" },
    { url = "https://files.pythonhosted.org/packages/d1/56/c5d3cd119ded7a3c7aba0e961b69cb3df701c91662c98ad694467d060ce1/ruff-0.16.9-py3-none-musllinux_1_2_x86_64.whl", hash = "sha256:8adbe4e58af167f767d7b2ba5e83c42e878350796cf78c2f5e14ab9903a92588", size = 10749366, upload-time = "2026-09-24T20:37:41.042Z" },
    { url = "https://files.pythonhosted.org/packages/ac/fe/734ec7527029ac757ecf821f143c9f3fcf69149c21f53a044a899b430f5a/ruff-0.16.9-py3-none-win32.whl", hash = "sha256:0e1dbc2073624dee6618d41d0098690a7244654af746704b64759e12b6b6b385", size = 10152355, upload-time = "2026-09-24T20:37:43.025Z" },
    { url = "https://files.pythonhosted.org/packages/14/21/26e4643629b3ebb44f0a06f9c9a53058d63d989415f63a9a3c28e2ee7f22/ruff-0.16.9-py3-none-win_amd64.whl", hash = "sha256:6bd40fec8cd4c8a3d4dd589bd8ad4e6320c13c29234159bfd959a40d529d597b", size = 10592965, upload-time = "2026-09-24T20:37:44.944Z" },
    { url = "https://files.pythonhosted.org/packages/51/60/5fb1a39dbb5ae314d5f59bc7348a63c1d5c20f3cd83914c4b5cb0be31d2d/ruff-0.16.9-py3-none-win_arm64.whl", hash = "sha256:ed1a252039200f57a59eebc063b54beabea67bfbaaca0eeaa7f54b5fbcda2284", size = 10458649, upload-time = "2026-09-24T20:37:46.882Z" },
]

[[package]]
name = "six"
version = "1.17.0"
source = { registry = "https://pypi.org/simple" }
sdist = { url = "https://files.pythonhosted.org/packages/94/e7/b2c673351809dca68a0e064b6af791aa332cf192da575fd474ed7d6f16a2/six-1.17.0.tar.gz", hash = "sha256:ff70335d468e7eb6ec65b95b99d3a2836546063f63acc5171de367e834932a81", size = 34031, upload-time = "2024-12-04T17:35:28.174Z" }
wheels = [
    { url = "https://files.pythonhosted.org/packages/b7/ce/149a00dd41f10bc29e5921b496af8b574d8413afcd5e30dfa0ed46c2cc5e/six-1.17.0-py2.py3-none-any.whl", hash = "sha256:4721f391ed90541fddacab5acf947aa0d3dc7d27b2e1e8eda2be8970586c3274", size = 11050, upload-time = "2024-12-04T17:35:26.475Z" },
]

[[package]]
name = "tzdata"
version = "2026.2"
source = { registry = "https://pypi.org/simple" }
sdist = { url = "https://files.pythonhosted.org/packages/ba/19/1b9b0e29f30c6d35cb345486df41110984ea67ae69dddbc0e8a100999493/tzdata-2026.2.tar.gz", hash = "sha256:9173fde7d80d9018e02a662e168e5a2d04f87c41ea174b139fbef642eda62d10", size = 198254, upload-time = "2026-04-24T15:22:08.651Z" }
wheels = [
    { url = "https://files.pythonhosted.org/packages/ce/e4/dccd7f47c4b64213ac01ef921a1337ee6e30e8c6466046018326977efd95/tzdata-2026.2-py2.py3-none-any.whl", hash = "sha256:bbe9af844f658da81a5f95019480da3a89415801f6cc966806612cc7169bffe7", size = 349321, upload-time = "2026-04-24T15:22:05.876Z" },
]
